PODS:
  - ffi_ios_static (0.0.1):
    - Flutter
  - Flutter (1.0.0)

DEPENDENCIES:
  - ffi_ios_static (from `.symlinks/plugins/ffi_ios_static/ios`)
  - Flutter (from `Flutter`)

EXTERNAL SOURCES:
  ffi_ios_static:
    :path: ".symlinks/plugins/ffi_ios_static/ios"
  Flutter:
    :path: Flutter

SPEC CHECKSUMS:
  ffi_ios_static: ca5f6f894206d43c91b938f6d4c56514a5f48cd6
  Flutter: 50d75fe2f02b26cc09d224853bb45737f8b3214a

PODFILE CHECKSUM: a75497545d4391e2d394c3668e20cfb1c2bbd4aa

COCOAPODS: 1.11.3
